# @generated by Move, please check-in and do not edit manually.

[move]
version = 3
manifest_digest = "226A6B20E636E9029CF2CBFB3E1D6D53B00A2441A0BACBB22599841294F6A6A0"
deps_digest = "F8BBB0CCB2491CA29A3DF03D6F92277A4F3574266507ACD77214D37ECA3F3082"
dependencies = [
  { id = "Sui", name = "Sui" },
]

[[move.package]]
id = "MoveStdlib"
source = { git = "https://github.com/MystenLabs/sui.git", rev = "framework/testnet", subdir = "crates/sui-framework/packages/move-stdlib" }

[[move.package]]
id = "Sui"
source = { git = "https://github.com/MystenLabs/sui.git", rev = "framework/testnet", subdir = "crates/sui-framework/packages/sui-framework" }

dependencies = [
  { id = "MoveStdlib", name = "MoveStdlib" },
]

[move.toolchain-version]
compiler-version = "1.41.1"
edition = "2024.beta"
flavor = "sui"

[env]

[env.devnet]
chain-id = "3f2108a2"
original-published-id = "0x1de5db420b6916eda6728259b3f3dec931ffda2b06ba88669f809fe188e7767c"
latest-published-id = "0x1de5db420b6916eda6728259b3f3dec931ffda2b06ba88669f809fe188e7767c"
published-version = "1"
